// !$*UTF8*$!
{
	archiveVersion = 1;
	classes = {
	};
	objectVersion = 56;
	objects = {

/* Begin PBXBuildFile section */
		6F4313A12963194C00E97A47 /* ContentView.swift in Sources */ = {isa = PBXBuildFile; fileRef = 6F4313A02963194C00E97A47 /* ContentView.swift */; };
		6F4313AA29631B0600E97A47 /* AlbumsView.swift in Sources */ = {isa = PBXBuildFile; fileRef = 6F4313A929631B0600E97A47 /* AlbumsView.swift */; };
		6F4313AC29631B1800E97A47 /* CommentsView.swift in Sources */ = {isa = PBXBuildFile; fileRef = 6F4313AB29631B1800E97A47 /* CommentsView.swift */; };
		6F4313AE29631B2B00E97A47 /* PhotosView.swift in Sources */ = {isa = PBXBuildFile; fileRef = 6F4313AD29631B2B00E97A47 /* PhotosView.swift */; };
		6F4313B029631B3B00E97A47 /* PostsView.swift in Sources */ = {isa = PBXBuildFile; fileRef = 6F4313AF29631B3B00E97A47 /* PostsView.swift */; };
		6F4313B229631B4D00E97A47 /* UsersView.swift in Sources */ = {isa = PBXBuildFile; fileRef = 6F4313B129631B4D00E97A47 /* UsersView.swift */; };
		6F4313B92963242000E97A47 /* CommentCardView.swift in Sources */ = {isa = PBXBuildFile; fileRef = 6F4313B82963242000E97A47 /* CommentCardView.swift */; };
		6F546DA129621931007E9975 /* CONCURRENCY_API_CallApp.swift in Sources */ = {isa = PBXBuildFile; fileRef = 6F546DA029621931007E9975 /* CONCURRENCY_API_CallApp.swift */; };
		6F546DA329621931007E9975 /* TodosView.swift in Sources */ = {isa = PBXBuildFile; fileRef = 6F546DA229621931007E9975 /* TodosView.swift */; };
		6F546DA529621934007E9975 /* Assets.xcassets in Resources */ = {isa = PBXBuildFile; fileRef = 6F546DA429621934007E9975 /* Assets.xcassets */; };
		6F546DA929621934007E9975 /* Preview Assets.xcassets in Resources */ = {isa = PBXBuildFile; fileRef = 6F546DA829621934007E9975 /* Preview Assets.xcassets */; };
		6F546DB329621935007E9975 /* CONCURRENCY_API_CallTests.swift in Sources */ = {isa = PBXBuildFile; fileRef = 6F546DB229621935007E9975 /* CONCURRENCY_API_CallTests.swift */; };
		6F546DBD29621935007E9975 /* CONCURRENCY_API_CallUITests.swift in Sources */ = {isa = PBXBuildFile; fileRef = 6F546DBC29621935007E9975 /* CONCURRENCY_API_CallUITests.swift */; };
		6F546DBF29621935007E9975 /* CONCURRENCY_API_CallUITestsLaunchTests.swift in Sources */ = {isa = PBXBuildFile; fileRef = 6F546DBE29621935007E9975 /* CONCURRENCY_API_CallUITestsLaunchTests.swift */; };
		6F546DCD29621982007E9975 /* APIService.swift in Sources */ = {isa = PBXBuildFile; fileRef = 6F546DCC29621982007E9975 /* APIService.swift */; };
		6F546DD029622596007E9975 /* Todo.swift in Sources */ = {isa = PBXBuildFile; fileRef = 6F546DCF29622596007E9975 /* Todo.swift */; };
		6F546DD2296225A6007E9975 /* User.swift in Sources */ = {isa = PBXBuildFile; fileRef = 6F546DD1296225A6007E9975 /* User.swift */; };
		6F546DD4296225BB007E9975 /* Post.swift in Sources */ = {isa = PBXBuildFile; fileRef = 6F546DD3296225BB007E9975 /* Post.swift */; };
		6F546DD6296226A7007E9975 /* ContentService.swift in Sources */ = {isa = PBXBuildFile; fileRef = 6F546DD5296226A7007E9975 /* ContentService.swift */; };
		6F546DD8296228D0007E9975 /* ContentViewModel.swift in Sources */ = {isa = PBXBuildFile; fileRef = 6F546DD7296228D0007E9975 /* ContentViewModel.swift */; };
		6F546DDA29622BB8007E9975 /* Comment.swift in Sources */ = {isa = PBXBuildFile; fileRef = 6F546DD929622BB8007E9975 /* Comment.swift */; };
		6F546DDC29622BD6007E9975 /* Album.swift in Sources */ = {isa = PBXBuildFile; fileRef = 6F546DDB29622BD6007E9975 /* Album.swift */; };
		6F546DDE29622C01007E9975 /* Photo.swift in Sources */ = {isa = PBXBuildFile; fileRef = 6F546DDD29622C01007E9975 /* Photo.swift */; };
/* End PBXBuildFile section */

/* Begin PBXContainerItemProxy section */
		6F546DAF29621935007E9975 /* PBXContainerItemProxy */ = {
			isa = PBXContainerItemProxy;
			containerPortal = 6F546D9529621931007E9975 /* Project object */;
			proxyType = 1;
			remoteGlobalIDString = 6F546D9C29621931007E9975;
			remoteInfo = "CONCURRENCY-API_Call";
		};
		6F546DB929621935007E9975 /* PBXContainerItemProxy */ = {
			isa = PBXContainerItemProxy;
			containerPortal = 6F546D9529621931007E9975 /* Project object */;
			proxyType = 1;
			remoteGlobalIDString = 6F546D9C29621931007E9975;
			remoteInfo = "CONCURRENCY-API_Call";
		};
/* End PBXContainerItemProxy section */

/* Begin PBXFileReference section */
		6F4313A02963194C00E97A47 /* ContentView.swift */ = {isa = PBXFileReference; lastKnownFileType = sourcecode.swift; path = ContentView.swift; sourceTree = "<group>"; };
		6F4313A929631B0600E97A47 /* AlbumsView.swift */ = {isa = PBXFileReference; lastKnownFileType = sourcecode.swift; path = AlbumsView.swift; sourceTree = "<group>"; };
		6F4313AB29631B1800E97A47 /* CommentsView.swift */ = {isa = PBXFileReference; lastKnownFileType = sourcecode.swift; path = CommentsView.swift; sourceTree = "<group>"; };
		6F4313AD29631B2B00E97A47 /* PhotosView.swift */ = {isa = PBXFileReference; lastKnownFileType = sourcecode.swift; path = PhotosView.swift; sourceTree = "<group>"; };
		6F4313AF29631B3B00E97A47 /* PostsView.swift */ = {isa = PBXFileReference; lastKnownFileType = sourcecode.swift; path = PostsView.swift; sourceTree = "<group>"; };
		6F4313B129631B4D00E97A47 /* UsersView.swift */ = {isa = PBXFileReference; lastKnownFileType = sourcecode.swift; path = UsersView.swift; sourceTree = "<group>"; };
		6F4313B82963242000E97A47 /* CommentCardView.swift */ = {isa = PBXFileReference; lastKnownFileType = sourcecode.swift; path = CommentCardView.swift; sourceTree = "<group>"; };
		6F546D9D29621931007E9975 /* CONCURRENCY-API_Call.app */ = {isa = PBXFileReference; explicitFileType = wrapper.application; includeInIndex = 0; path = "CONCURRENCY-API_Call.app"; sourceTree = BUILT_PRODUCTS_DIR; };
		6F546DA029621931007E9975 /* CONCURRENCY_API_CallApp.swift */ = {isa = PBXFileReference; lastKnownFileType = sourcecode.swift; path = CONCURRENCY_API_CallApp.swift; sourceTree = "<group>"; };
		6F546DA229621931007E9975 /* TodosView.swift */ = {isa = PBXFileReference; lastKnownFileType = sourcecode.swift; path = TodosView.swift; sourceTree = "<group>"; };
		6F546DA429621934007E9975 /* Assets.xcassets */ = {isa = PBXFileReference; lastKnownFileType = folder.assetcatalog; path = Assets.xcassets; sourceTree = "<group>"; };
		6F546DA629621934007E9975 /* CONCURRENCY_API_Call.entitlements */ = {isa = PBXFileReference; lastKnownFileType = text.plist.entitlements; path = CONCURRENCY_API_Call.entitlements; sourceTree = "<group>"; };
		6F546DA829621934007E9975 /* Preview Assets.xcassets */ = {isa = PBXFileReference; lastKnownFileType = folder.assetcatalog; path = "Preview Assets.xcassets"; sourceTree = "<group>"; };
		6F546DAE29621935007E9975 /* CONCURRENCY-API_CallTests.xctest */ = {isa = PBXFileReference; explicitFileType = wrapper.cfbundle; includeInIndex = 0; path = "CONCURRENCY-API_CallTests.xctest"; sourceTree = BUILT_PRODUCTS_DIR; };
		6F546DB229621935007E9975 /* CONCURRENCY_API_CallTests.swift */ = {isa = PBXFileReference; lastKnownFileType = sourcecode.swift; path = CONCURRENCY_API_CallTests.swift; sourceTree = "<group>"; };
		6F546DB829621935007E9975 /* CONCURRENCY-API_CallUITests.xctest */ = {isa = PBXFileReference; explicitFileType = wrapper.cfbundle; includeInIndex = 0; path = "CONCURRENCY-API_CallUITests.xctest"; sourceTree = BUILT_PRODUCTS_DIR; };
		6F546DBC29621935007E9975 /* CONCURRENCY_API_CallUITests.swift */ = {isa = PBXFileReference; lastKnownFileType = sourcecode.swift; path = CONCURRENCY_API_CallUITests.swift; sourceTree = "<group>"; };
		6F546DBE29621935007E9975 /* CONCURRENCY_API_CallUITestsLaunchTests.swift */ = {isa = PBXFileReference; lastKnownFileType = sourcecode.swift; path = CONCURRENCY_API_CallUITestsLaunchTests.swift; sourceTree = "<group>"; };
		6F546DCC29621982007E9975 /* APIService.swift */ = {isa = PBXFileReference; lastKnownFileType = sourcecode.swift; path = APIService.swift; sourceTree = "<group>"; };
		6F546DCF29622596007E9975 /* Todo.swift */ = {isa = PBXFileReference; lastKnownFileType = sourcecode.swift; path = Todo.swift; sourceTree = "<group>"; };
		6F546DD1296225A6007E9975 /* User.swift */ = {isa = PBXFileReference; lastKnownFileType = sourcecode.swift; path = User.swift; sourceTree = "<group>"; };
		6F546DD3296225BB007E9975 /* Post.swift */ = {isa = PBXFileReference; lastKnownFileType = sourcecode.swift; path = Post.swift; sourceTree = "<group>"; };
		6F546DD5296226A7007E9975 /* ContentService.swift */ = {isa = PBXFileReference; lastKnownFileType = sourcecode.swift; path = ContentService.swift; sourceTree = "<group>"; };
		6F546DD7296228D0007E9975 /* ContentViewModel.swift */ = {isa = PBXFileReference; lastKnownFileType = sourcecode.swift; path = ContentViewModel.swift; sourceTree = "<group>"; };
		6F546DD929622BB8007E9975 /* Comment.swift */ = {isa = PBXFileReference; lastKnownFileType = sourcecode.swift; path = Comment.swift; sourceTree = "<group>"; };
		6F546DDB29622BD6007E9975 /* Album.swift */ = {isa = PBXFileReference; lastKnownFileType = sourcecode.swift; path = Album.swift; sourceTree = "<group>"; };
		6F546DDD29622C01007E9975 /* Photo.swift */ = {isa = PBXFileReference; lastKnownFileType = sourcecode.swift; path = Photo.swift; sourceTree = "<group>"; };
/* End PBXFileReference section */

/* Begin PBXFrameworksBuildPhase section */
		6F546D9A29621931007E9975 /* Frameworks */ = {
			isa = PBXFrameworksBuildPhase;
			buildActionMask = 2147483647;
			files = (
			);
			runOnlyForDeploymentPostprocessing = 0;
		};
		6F546DAB29621935007E9975 /* Frameworks */ = {
			isa = PBXFrameworksBuildPhase;
			buildActionMask = 2147483647;
			files = (
			);
			runOnlyForDeploymentPostprocessing = 0;
		};
		6F546DB529621935007E9975 /* Frameworks */ = {
			isa = PBXFrameworksBuildPhase;
			buildActionMask = 2147483647;
			files = (
			);
			runOnlyForDeploymentPostprocessing = 0;
		};
/* End PBXFrameworksBuildPhase section */

/* Begin PBXGroup section */
		6F4313A22963195100E97A47 /* Screens */ = {
			isa = PBXGroup;
			children = (
				6F4313B329631F3000E97A47 /* Shared */,
				6F4313A42963196C00E97A47 /* Album */,
				6F4313A52963197200E97A47 /* Comment */,
				6F4313A72963197E00E97A47 /* Photo */,
				6F4313A62963197800E97A47 /* Post */,
				6F4313A32963195A00E97A47 /* Todo */,
				6F4313A82963198A00E97A47 /* User */,
			);
			path = Screens;
			sourceTree = "<group>";
		};
		6F4313A32963195A00E97A47 /* Todo */ = {
			isa = PBXGroup;
			children = (
				6F546DA229621931007E9975 /* TodosView.swift */,
			);
			path = Todo;
			sourceTree = "<group>";
		};
		6F4313A42963196C00E97A47 /* Album */ = {
			isa = PBXGroup;
			children = (
				6F4313A929631B0600E97A47 /* AlbumsView.swift */,
			);
			path = Album;
			sourceTree = "<group>";
		};
		6F4313A52963197200E97A47 /* Comment */ = {
			isa = PBXGroup;
			children = (
				6F4313B82963242000E97A47 /* CommentCardView.swift */,
				6F4313AB29631B1800E97A47 /* CommentsView.swift */,
			);
			path = Comment;
			sourceTree = "<group>";
		};
		6F4313A62963197800E97A47 /* Post */ = {
			isa = PBXGroup;
			children = (
				6F4313AF29631B3B00E97A47 /* PostsView.swift */,
			);
			path = Post;
			sourceTree = "<group>";
		};
		6F4313A72963197E00E97A47 /* Photo */ = {
			isa = PBXGroup;
			children = (
				6F4313AD29631B2B00E97A47 /* PhotosView.swift */,
			);
			path = Photo;
			sourceTree = "<group>";
		};
		6F4313A82963198A00E97A47 /* User */ = {
			isa = PBXGroup;
			children = (
				6F4313B129631B4D00E97A47 /* UsersView.swift */,
			);
			path = User;
			sourceTree = "<group>";
		};
		6F4313B329631F3000E97A47 /* Shared */ = {
			isa = PBXGroup;
			children = (
				6F4313B629631FF200E97A47 /* Organisms */,
				6F4313B529631FEC00E97A47 /* Molecules */,
				6F4313B429631F3700E97A47 /* Atoms */,
			);
			path = Shared;
			sourceTree = "<group>";
		};
		6F4313B429631F3700E97A47 /* Atoms */ = {
			isa = PBXGroup;
			children = (
			);
			path = Atoms;
			sourceTree = "<group>";
		};
		6F4313B529631FEC00E97A47 /* Molecules */ = {
			isa = PBXGroup;
			children = (
			);
			path = Molecules;
			sourceTree = "<group>";
		};
		6F4313B629631FF200E97A47 /* Organisms */ = {
			isa = PBXGroup;
			children = (
			);
			path = Organisms;
			sourceTree = "<group>";
		};
		6F546D9429621931007E9975 = {
			isa = PBXGroup;
			children = (
				6F546D9F29621931007E9975 /* CONCURRENCY-API_Call */,
				6F546DB129621935007E9975 /* CONCURRENCY-API_CallTests */,
				6F546DBB29621935007E9975 /* CONCURRENCY-API_CallUITests */,
				6F546D9E29621931007E9975 /* Products */,
			);
			sourceTree = "<group>";
		};
		6F546D9E29621931007E9975 /* Products */ = {
			isa = PBXGroup;
			children = (
				6F546D9D29621931007E9975 /* CONCURRENCY-API_Call.app */,
				6F546DAE29621935007E9975 /* CONCURRENCY-API_CallTests.xctest */,
				6F546DB829621935007E9975 /* CONCURRENCY-API_CallUITests.xctest */,
			);
			name = Products;
			sourceTree = "<group>";
		};
		6F546D9F29621931007E9975 /* CONCURRENCY-API_Call */ = {
			isa = PBXGroup;
			children = (
				6F546DA029621931007E9975 /* CONCURRENCY_API_CallApp.swift */,
				6F4313A02963194C00E97A47 /* ContentView.swift */,
				6F546DD7296228D0007E9975 /* ContentViewModel.swift */,
				6F4313A22963195100E97A47 /* Screens */,
				6F546DCE2962256D007E9975 /* Models */,
				6F546DCB2962196D007E9975 /* Services */,
				6F546DA429621934007E9975 /* Assets.xcassets */,
				6F546DA629621934007E9975 /* CONCURRENCY_API_Call.entitlements */,
				6F546DA729621934007E9975 /* Preview Content */,
			);
			path = "CONCURRENCY-API_Call";
			sourceTree = "<group>";
		};
		6F546DA729621934007E9975 /* Preview Content */ = {
			isa = PBXGroup;
			children = (
				6F546DA829621934007E9975 /* Preview Assets.xcassets */,
			);
			path = "Preview Content";
			sourceTree = "<group>";
		};
		6F546DB129621935007E9975 /* CONCURRENCY-API_CallTests */ = {
			isa = PBXGroup;
			children = (
				6F546DB229621935007E9975 /* CONCURRENCY_API_CallTests.swift */,
			);
			path = "CONCURRENCY-API_CallTests";
			sourceTree = "<group>";
		};
		6F546DBB29621935007E9975 /* CONCURRENCY-API_CallUITests */ = {
			isa = PBXGroup;
			children = (
				6F546DBC29621935007E9975 /* CONCURRENCY_API_CallUITests.swift */,
				6F546DBE29621935007E9975 /* CONCURRENCY_API_CallUITestsLaunchTests.swift */,
			);
			path = "CONCURRENCY-API_CallUITests";
			sourceTree = "<group>";
		};
		6F546DCB2962196D007E9975 /* Services */ = {
			isa = PBXGroup;
			children = (
				6F546DCC29621982007E9975 /* APIService.swift */,
				6F546DD5296226A7007E9975 /* ContentService.swift */,
			);
			path = Services;
			sourceTree = "<group>";
		};
		6F546DCE2962256D007E9975 /* Models */ = {
			isa = PBXGroup;
			children = (
				6F546DDB29622BD6007E9975 /* Album.swift */,
				6F546DD929622BB8007E9975 /* Comment.swift */,
				6F546DDD29622C01007E9975 /* Photo.swift */,
				6F546DD3296225BB007E9975 /* Post.swift */,
				6F546DCF29622596007E9975 /* Todo.swift */,
				6F546DD1296225A6007E9975 /* User.swift */,
			);
			path = Models;
			sourceTree = "<group>";
		};
/* End PBXGroup section */

/* Begin PBXNativeTarget section */
		6F546D9C29621931007E9975 /* CONCURRENCY-API_Call */ = {
			isa = PBXNativeTarget;
			buildConfigurationList = 6F546DC229621935007E9975 /* Build configuration list for PBXNativeTarget "CONCURRENCY-API_Call" */;
			buildPhases = (
				6F546D9929621931007E9975 /* Sources */,
				6F546D9A29621931007E9975 /* Frameworks */,
				6F546D9B29621931007E9975 /* Resources */,
			);
			buildRules = (
			);
			dependencies = (
			);
			name = "CONCURRENCY-API_Call";
			productName = "CONCURRENCY-API_Call";
			productReference = 6F546D9D29621931007E9975 /* CONCURRENCY-API_Call.app */;
			productType = "com.apple.product-type.application";
		};
		6F546DAD29621935007E9975 /* CONCURRENCY-API_CallTests */ = {
			isa = PBXNativeTarget;
			buildConfigurationList = 6F546DC529621935007E9975 /* Build configuration list for PBXNativeTarget "CONCURRENCY-API_CallTests" */;
			buildPhases = (
				6F546DAA29621935007E9975 /* Sources */,
				6F546DAB29621935007E9975 /* Frameworks */,
				6F546DAC29621935007E9975 /* Resources */,
			);
			buildRules = (
			);
			dependencies = (
				6F546DB029621935007E9975 /* PBXTargetDependency */,
			);
			name = "CONCURRENCY-API_CallTests";
			productName = "CONCURRENCY-API_CallTests";
			productReference = 6F546DAE29621935007E9975 /* CONCURRENCY-API_CallTests.xctest */;
			productType = "com.apple.product-type.bundle.unit-test";
		};
		6F546DB729621935007E9975 /* CONCURRENCY-API_CallUITests */ = {
			isa = PBXNativeTarget;
			buildConfigurationList = 6F546DC829621935007E9975 /* Build configuration list for PBXNativeTarget "CONCURRENCY-API_CallUITests" */;
			buildPhases = (
				6F546DB429621935007E9975 /* Sources */,
				6F546DB529621935007E9975 /* Frameworks */,
				6F546DB629621935007E9975 /* Resources */,
			);
			buildRules = (
			);
			dependencies = (
				6F546DBA29621935007E9975 /* PBXTargetDependency */,
			);
			name = "CONCURRENCY-API_CallUITests";
			productName = "CONCURRENCY-API_CallUITests";
			productReference = 6F546DB829621935007E9975 /* CONCURRENCY-API_CallUITests.xctest */;
			productType = "com.apple.product-type.bundle.ui-testing";
		};
/* End PBXNativeTarget section */

/* Begin PBXProject section */
		6F546D9529621931007E9975 /* Project object */ = {
			isa = PBXProject;
			attributes = {
				BuildIndependentTargetsInParallel = 1;
				LastSwiftUpdateCheck = 1420;
				LastUpgradeCheck = 1420;
				TargetAttributes = {
					6F546D9C29621931007E9975 = {
						CreatedOnToolsVersion = 14.2;
					};
					6F546DAD29621935007E9975 = {
						CreatedOnToolsVersion = 14.2;
						TestTargetID = 6F546D9C29621931007E9975;
					};
					6F546DB729621935007E9975 = {
						CreatedOnToolsVersion = 14.2;
						TestTargetID = 6F546D9C29621931007E9975;
					};
				};
			};
			buildConfigurationList = 6F546D9829621931007E9975 /* Build configuration list for PBXProject "CONCURRENCY-API_Call" */;
			compatibilityVersion = "Xcode 14.0";
			developmentRegion = en;
			hasScannedForEncodings = 0;
			knownRegions = (
				en,
				Base,
			);
			mainGroup = 6F546D9429621931007E9975;
			productRefGroup = 6F546D9E29621931007E9975 /* Products */;
			projectDirPath = "";
			projectRoot = "";
			targets = (
				6F546D9C29621931007E9975 /* CONCURRENCY-API_Call */,
				6F546DAD29621935007E9975 /* CONCURRENCY-API_CallTests */,
				6F546DB729621935007E9975 /* CONCURRENCY-API_CallUITests */,
			);
		};
/* End PBXProject section */

/* Begin PBXResourcesBuildPhase section */
		6F546D9B29621931007E9975 /* Resources */ = {
			isa = PBXResourcesBuildPhase;
			buildActionMask = 2147483647;
			files = (
				6F546DA929621934007E9975 /* Preview Assets.xcassets in Resources */,
				6F546DA529621934007E9975 /* Assets.xcassets in Resources */,
			);
			runOnlyForDeploymentPostprocessing = 0;
		};
		6F546DAC29621935007E9975 /* Resources */ = {
			isa = PBXResourcesBuildPhase;
			buildActionMask = 2147483647;
			files = (
			);
			runOnlyForDeploymentPostprocessing = 0;
		};
		6F546DB629621935007E9975 /* Resources */ = {
			isa = PBXResourcesBuildPhase;
			buildActionMask = 2147483647;
			files = (
			);
			runOnlyForDeploymentPostprocessing = 0;
		};
/* End PBXResourcesBuildPhase section */

/* Begin PBXSourcesBuildPhase section */
		6F546D9929621931007E9975 /* Sources */ = {
			isa = PBXSourcesBuildPhase;
			buildActionMask = 2147483647;
			files = (
				6F546DD8296228D0007E9975 /* ContentViewModel.swift in Sources */,
				6F546DCD29621982007E9975 /* APIService.swift in Sources */,
				6F4313AE29631B2B00E97A47 /* PhotosView.swift in Sources */,
				6F4313A12963194C00E97A47 /* ContentView.swift in Sources */,
				6F546DA329621931007E9975 /* TodosView.swift in Sources */,
				6F546DD6296226A7007E9975 /* ContentService.swift in Sources */,
				6F546DA129621931007E9975 /* CONCURRENCY_API_CallApp.swift in Sources */,
				6F4313AC29631B1800E97A47 /* CommentsView.swift in Sources */,
				6F4313B229631B4D00E97A47 /* UsersView.swift in Sources */,
				6F546DDE29622C01007E9975 /* Photo.swift in Sources */,
				6F4313B92963242000E97A47 /* CommentCardView.swift in Sources */,
				6F546DD4296225BB007E9975 /* Post.swift in Sources */,
				6F546DD2296225A6007E9975 /* User.swift in Sources */,
				6F546DDA29622BB8007E9975 /* Comment.swift in Sources */,
				6F546DD029622596007E9975 /* Todo.swift in Sources */,
				6F4313AA29631B0600E97A47 /* AlbumsView.swift in Sources */,
				6F4313B029631B3B00E97A47 /* PostsView.swift in Sources */,
				6F546DDC29622BD6007E9975 /* Album.swift in Sources */,
			);
			runOnlyForDeploymentPostprocessing = 0;
		};
		6F546DAA29621935007E9975 /* Sources */ = {
			isa = PBXSourcesBuildPhase;
			buildActionMask = 2147483647;
			files = (
				6F546DB329621935007E9975 /* CONCURRENCY_API_CallTests.swift in Sources */,
			);
			runOnlyForDeploymentPostprocessing = 0;
		};
		6F546DB429621935007E9975 /* Sources */ = {
			isa = PBXSourcesBuildPhase;
			buildActionMask = 2147483647;
			files = (
				6F546DBD29621935007E9975 /* CONCURRENCY_API_CallUITests.swift in Sources */,
				6F546DBF29621935007E9975 /* CONCURRENCY_API_CallUITestsLaunchTests.swift in Sources */,
			);
			runOnlyForDeploymentPostprocessing = 0;
		};
/* End PBXSourcesBuildPhase section */

/* Begin PBXTargetDependency section */
		6F546DB029621935007E9975 /* PBXTargetDependency */ = {
			isa = PBXTargetDependency;
			target = 6F546D9C29621931007E9975 /* CONCURRENCY-API_Call */;
			targetProxy = 6F546DAF29621935007E9975 /* PBXContainerItemProxy */;
		};
		6F546DBA29621935007E9975 /* PBXTargetDependency */ = {
			isa = PBXTargetDependency;
			target = 6F546D9C29621931007E9975 /* CONCURRENCY-API_Call */;
			targetProxy = 6F546DB929621935007E9975 /* PBXContainerItemProxy */;
		};
/* End PBXTargetDependency section */

/* Begin XCBuildConfiguration section */
		6F546DC029621935007E9975 /* Debug */ = {
			isa = XCBuildConfiguration;
			buildSettings = {
				ALWAYS_SEARCH_USER_PATHS = NO;
				CLANG_ANALYZER_NONNULL = YES;
				CLANG_ANALYZER_NUMBER_OBJECT_CONVERSION = YES_AGGRESSIVE;
				CLANG_CXX_LANGUAGE_STANDARD = "gnu++20";
				CLANG_ENABLE_MODULES = YES;
				CLANG_ENABLE_OBJC_ARC = YES;
				CLANG_ENABLE_OBJC_WEAK = YES;
				CLANG_WARN_BLOCK_CAPTURE_AUTORELEASING = YES;
				CLANG_WARN_BOOL_CONVERSION = YES;
				CLANG_WARN_COMMA = YES;
				CLANG_WARN_CONSTANT_CONVERSION = YES;
				CLANG_WARN_DEPRECATED_OBJC_IMPLEMENTATIONS = YES;
				CLANG_WARN_DIRECT_OBJC_ISA_USAGE = YES_ERROR;
				CLANG_WARN_DOCUMENTATION_COMMENTS = YES;
				CLANG_WARN_EMPTY_BODY = YES;
				CLANG_WARN_ENUM_CONVERSION = YES;
				CLANG_WARN_INFINITE_RECURSION = YES;
				CLANG_WARN_INT_CONVERSION = YES;
				CLANG_WARN_NON_LITERAL_NULL_CONVERSION = YES;
				CLANG_WARN_OBJC_IMPLICIT_RETAIN_SELF = YES;
				CLANG_WARN_OBJC_LITERAL_CONVERSION = YES;
				CLANG_WARN_OBJC_ROOT_CLASS = YES_ERROR;
				CLANG_WARN_QUOTED_INCLUDE_IN_FRAMEWORK_HEADER = YES;
				CLANG_WARN_RANGE_LOOP_ANALYSIS = YES;
				CLANG_WARN_STRICT_PROTOTYPES = YES;
				CLANG_WARN_SUSPICIOUS_MOVE = YES;
				CLANG_WARN_UNGUARDED_AVAILABILITY = YES_AGGRESSIVE;
				CLANG_WARN_UNREACHABLE_CODE = YES;
				CLANG_WARN__DUPLICATE_METHOD_MATCH = YES;
				COPY_PHASE_STRIP = NO;
				DEBUG_INFORMATION_FORMAT = dwarf;
				ENABLE_STRICT_OBJC_MSGSEND = YES;
				ENABLE_TESTABILITY = YES;
				GCC_C_LANGUAGE_STANDARD = gnu11;
				GCC_DYNAMIC_NO_PIC = NO;
				GCC_NO_COMMON_BLOCKS = YES;
				GCC_OPTIMIZATION_LEVEL = 0;
				GCC_PREPROCESSOR_DEFINITIONS = (
					"DEBUG=1",
					"$(inherited)",
				);
				GCC_WARN_64_TO_32_BIT_CONVERSION = YES;
				GCC_WARN_ABOUT_RETURN_TYPE = YES_ERROR;
				GCC_WARN_UNDECLARED_SELECTOR = YES;
				GCC_WARN_UNINITIALIZED_AUTOS = YES_AGGRESSIVE;
				GCC_WARN_UNUSED_FUNCTION = YES;
				GCC_WARN_UNUSED_VARIABLE = YES;
				MTL_ENABLE_DEBUG_INFO = INCLUDE_SOURCE;
				MTL_FAST_MATH = YES;
				ONLY_ACTIVE_ARCH = YES;
				SWIFT_ACTIVE_COMPILATION_CONDITIONS = DEBUG;
				SWIFT_OPTIMIZATION_LEVEL = "-Onone";
			};
			name = Debug;
		};
		6F546DC129621935007E9975 /* Release */ = {
			isa = XCBuildConfiguration;
			buildSettings = {
				ALWAYS_SEARCH_USER_PATHS = NO;
				CLANG_ANALYZER_NONNULL = YES;
				CLANG_ANALYZER_NUMBER_OBJECT_CONVERSION = YES_AGGRESSIVE;
				CLANG_CXX_LANGUAGE_STANDARD = "gnu++20";
				CLANG_ENABLE_MODULES = YES;
				CLANG_ENABLE_OBJC_ARC = YES;
				CLANG_ENABLE_OBJC_WEAK = YES;
				CLANG_WARN_BLOCK_CAPTURE_AUTORELEASING = YES;
				CLANG_WARN_BOOL_CONVERSION = YES;
				CLANG_WARN_COMMA = YES;
				CLANG_WARN_CONSTANT_CONVERSION = YES;
				CLANG_WARN_DEPRECATED_OBJC_IMPLEMENTATIONS = YES;
				CLANG_WARN_DIRECT_OBJC_ISA_USAGE = YES_ERROR;
				CLANG_WARN_DOCUMENTATION_COMMENTS = YES;
				CLANG_WARN_EMPTY_BODY = YES;
				CLANG_WARN_ENUM_CONVERSION = YES;
				CLANG_WARN_INFINITE_RECURSION = YES;
				CLANG_WARN_INT_CONVERSION = YES;
				CLANG_WARN_NON_LITERAL_NULL_CONVERSION = YES;
				CLANG_WARN_OBJC_IMPLICIT_RETAIN_SELF = YES;
				CLANG_WARN_OBJC_LITERAL_CONVERSION = YES;
				CLANG_WARN_OBJC_ROOT_CLASS = YES_ERROR;
				CLANG_WARN_QUOTED_INCLUDE_IN_FRAMEWORK_HEADER = YES;
				CLANG_WARN_RANGE_LOOP_ANALYSIS = YES;
				CLANG_WARN_STRICT_PROTOTYPES = YES;
				CLANG_WARN_SUSPICIOUS_MOVE = YES;
				CLANG_WARN_UNGUARDED_AVAILABILITY = YES_AGGRESSIVE;
				CLANG_WARN_UNREACHABLE_CODE = YES;
				CLANG_WARN__DUPLICATE_METHOD_MATCH = YES;
				COPY_PHASE_STRIP = NO;
				DEBUG_INFORMATION_FORMAT = "dwarf-with-dsym";
				ENABLE_NS_ASSERTIONS = NO;
				ENABLE_STRICT_OBJC_MSGSEND = YES;
				GCC_C_LANGUAGE_STANDARD = gnu11;
				GCC_NO_COMMON_BLOCKS = YES;
				GCC_WARN_64_TO_32_BIT_CONVERSION = YES;
				GCC_WARN_ABOUT_RETURN_TYPE = YES_ERROR;
				GCC_WARN_UNDECLARED_SELECTOR = YES;
				GCC_WARN_UNINITIALIZED_AUTOS = YES_AGGRESSIVE;
				GCC_WARN_UNUSED_FUNCTION = YES;
				GCC_WARN_UNUSED_VARIABLE = YES;
				MTL_ENABLE_DEBUG_INFO = NO;
				MTL_FAST_MATH = YES;
				SWIFT_COMPILATION_MODE = wholemodule;
				SWIFT_OPTIMIZATION_LEVEL = "-O";
			};
			name = Release;
		};
		6F546DC329621935007E9975 /* Debug */ = {
			isa = XCBuildConfiguration;
			buildSettings = {
				ASSETCATALOG_COMPILER_APPICON_NAME = AppIcon;
				ASSETCATALOG_COMPILER_GLOBAL_ACCENT_COLOR_NAME = AccentColor;
				CODE_SIGN_ENTITLEMENTS = "CONCURRENCY-API_Call/CONCURRENCY_API_Call.entitlements";
				CODE_SIGN_STYLE = Automatic;
				CURRENT_PROJECT_VERSION = 1;
				DEVELOPMENT_ASSET_PATHS = "\"CONCURRENCY-API_Call/Preview Content\"";
				DEVELOPMENT_TEAM = K328B98U3F;
				ENABLE_HARDENED_RUNTIME = YES;
				ENABLE_PREVIEWS = YES;
				GENERATE_INFOPLIST_FILE = YES;
				"INFOPLIST_KEY_UIApplicationSceneManifest_Generation[sdk=iphoneos*]" = YES;
				"INFOPLIST_KEY_UIApplicationSceneManifest_Generation[sdk=iphonesimulator*]" = YES;
				"INFOPLIST_KEY_UIApplicationSupportsIndirectInputEvents[sdk=iphoneos*]" = YES;
				"INFOPLIST_KEY_UIApplicationSupportsIndirectInputEvents[sdk=iphonesimulator*]" = YES;
				"INFOPLIST_KEY_UILaunchScreen_Generation[sdk=iphoneos*]" = YES;
				"INFOPLIST_KEY_UILaunchScreen_Generation[sdk=iphonesimulator*]" = YES;
				"INFOPLIST_KEY_UIStatusBarStyle[sdk=iphoneos*]" = UIStatusBarStyleDefault;
				"INFOPLIST_KEY_UIStatusBarStyle[sdk=iphonesimulator*]" = UIStatusBarStyleDefault;
				INFOPLIST_KEY_UISupportedInterfaceOrientations_iPad = "UIInterfaceOrientationPortrait UIInterfaceOrientationPortraitUpsideDown UIInterfaceOrientationLandscapeLeft UIInterfaceOrientationLandscapeRight";
				INFOPLIST_KEY_UISupportedInterfaceOrientations_iPhone = "UIInterfaceOrientationPortrait UIInterfaceOrientationLandscapeLeft UIInterfaceOrientationLandscapeRight";
				IPHONEOS_DEPLOYMENT_TARGET = 16.2;
				LD_RUNPATH_SEARCH_PATHS = "@executable_path/Frameworks";
				"LD_RUNPATH_SEARCH_PATHS[sdk=macosx*]" = "@executable_path/../Frameworks";
				MACOSX_DEPLOYMENT_TARGET = 13.1;
				MARKETING_VERSION = 1.0;
				PRODUCT_BUNDLE_IDENTIFIER = "com.studies.CONCURRENCY-API-Call";
				PRODUCT_NAME = "$(TARGET_NAME)";
				SDKROOT = auto;
				SUPPORTED_PLATFORMS = "iphoneos iphonesimulator macosx";
				SWIFT_EMIT_LOC_STRINGS = YES;
				SWIFT_VERSION = 5.0;
				TARGETED_DEVICE_FAMILY = "1,2";
			};
			name = Debug;
		};
		6F546DC429621935007E9975 /* Release */ = {
			isa = XCBuildConfiguration;
			buildSettings = {
				ASSETCATALOG_COMPILER_APPICON_NAME = AppIcon;
				ASSETCATALOG_COMPILER_GLOBAL_ACCENT_COLOR_NAME = AccentColor;
				CODE_SIGN_ENTITLEMENTS = "CONCURRENCY-API_Call/CONCURRENCY_API_Call.entitlements";
				CODE_SIGN_STYLE = Automatic;
				CURRENT_PROJECT_VERSION = 1;
				DEVELOPMENT_ASSET_PATHS = "\"CONCURRENCY-API_Call/Preview Content\"";
				DEVELOPMENT_TEAM = K328B98U3F;
				ENABLE_HARDENED_RUNTIME = YES;
				ENABLE_PREVIEWS = YES;
				GENERATE_INFOPLIST_FILE = YES;
				"INFOPLIST_KEY_UIApplicationSceneManifest_Generation[sdk=iphoneos*]" = YES;
				"INFOPLIST_KEY_UIApplicationSceneManifest_Generation[sdk=iphonesimulator*]" = YES;
				"INFOPLIST_KEY_UIApplicationSupportsIndirectInputEvents[sdk=iphoneos*]" = YES;
				"INFOPLIST_KEY_UIApplicationSupportsIndirectInputEvents[sdk=iphonesimulator*]" = YES;
				"INFOPLIST_KEY_UILaunchScreen_Generation[sdk=iphoneos*]" = YES;
				"INFOPLIST_KEY_UILaunchScreen_Generation[sdk=iphonesimulator*]" = YES;
				"INFOPLIST_KEY_UIStatusBarStyle[sdk=iphoneos*]" = UIStatusBarStyleDefault;
				"INFOPLIST_KEY_UIStatusBarStyle[sdk=iphonesimulator*]" = UIStatusBarStyleDefault;
				INFOPLIST_KEY_UISupportedInterfaceOrientations_iPad = "UIInterfaceOrientationPortrait UIInterfaceOrientationPortraitUpsideDown UIInterfaceOrientationLandscapeLeft UIInterfaceOrientationLandscapeRight";
				INFOPLIST_KEY_UISupportedInterfaceOrientations_iPhone = "UIInterfaceOrientationPortrait UIInterfaceOrientationLandscapeLeft UIInterfaceOrientationLandscapeRight";
				IPHONEOS_DEPLOYMENT_TARGET = 16.2;
				LD_RUNPATH_SEARCH_PATHS = "@executable_path/Frameworks";
				"LD_RUNPATH_SEARCH_PATHS[sdk=macosx*]" = "@executable_path/../Frameworks";
				MACOSX_DEPLOYMENT_TARGET = 13.1;
				MARKETING_VERSION = 1.0;
				PRODUCT_BUNDLE_IDENTIFIER = "com.studies.CONCURRENCY-API-Call";
				PRODUCT_NAME = "$(TARGET_NAME)";
				SDKROOT = auto;
				SUPPORTED_PLATFORMS = "iphoneos iphonesimulator macosx";
				SWIFT_EMIT_LOC_STRINGS = YES;
				SWIFT_VERSION = 5.0;
				TARGETED_DEVICE_FAMILY = "1,2";
			};
			name = Release;
		};
		6F546DC629621935007E9975 /* Debug */ = {
			isa = XCBuildConfiguration;
			buildSettings = {
				ALWAYS_EMBED_SWIFT_STANDARD_LIBRARIES = YES;
				BUNDLE_LOADER = "$(TEST_HOST)";
				CODE_SIGN_STYLE = Automatic;
				CURRENT_PROJECT_VERSION = 1;
				DEVELOPMENT_TEAM = K328B98U3F;
				GENERATE_INFOPLIST_FILE = YES;
				IPHONEOS_DEPLOYMENT_TARGET = 16.2;
				MACOSX_DEPLOYMENT_TARGET = 13.1;
				MARKETING_VERSION = 1.0;
				PRODUCT_BUNDLE_IDENTIFIER = "com.studies.CONCURRENCY-API-CallTests";
				PRODUCT_NAME = "$(TARGET_NAME)";
				SDKROOT = auto;
				SUPPORTED_PLATFORMS = "iphoneos iphonesimulator macosx";
				SWIFT_EMIT_LOC_STRINGS = NO;
				SWIFT_VERSION = 5.0;
				TARGETED_DEVICE_FAMILY = "1,2";
				TEST_HOST = "$(BUILT_PRODUCTS_DIR)/CONCURRENCY-API_Call.app/$(BUNDLE_EXECUTABLE_FOLDER_PATH)/CONCURRENCY-API_Call";
			};
			name = Debug;
		};
		6F546DC729621935007E9975 /* Release */ = {
			isa = XCBuildConfiguration;
			buildSettings = {
				ALWAYS_EMBED_SWIFT_STANDARD_LIBRARIES = YES;
				BUNDLE_LOADER = "$(TEST_HOST)";
				CODE_SIGN_STYLE = Automatic;
				CURRENT_PROJECT_VERSION = 1;
				DEVELOPMENT_TEAM = K328B98U3F;
				GENERATE_INFOPLIST_FILE = YES;
				IPHONEOS_DEPLOYMENT_TARGET = 16.2;
				MACOSX_DEPLOYMENT_TARGET = 13.1;
				MARKETING_VERSION = 1.0;
				PRODUCT_BUNDLE_IDENTIFIER = "com.studies.CONCURRENCY-API-CallTests";
				PRODUCT_NAME = "$(TARGET_NAME)";
				SDKROOT = auto;
				SUPPORTED_PLATFORMS = "iphoneos iphonesimulator macosx";
				SWIFT_EMIT_LOC_STRINGS = NO;
				SWIFT_VERSION = 5.0;
				TARGETED_DEVICE_FAMILY = "1,2";
				TEST_HOST = "$(BUILT_PRODUCTS_DIR)/CONCURRENCY-API_Call.app/$(BUNDLE_EXECUTABLE_FOLDER_PATH)/CONCURRENCY-API_Call";
			};
			name = Release;
		};
		6F546DC929621935007E9975 /* Debug */ = {
			isa = XCBuildConfiguration;
			buildSettings = {
				ALWAYS_EMBED_SWIFT_STANDARD_LIBRARIES = YES;
				CODE_SIGN_STYLE = Automatic;
				CURRENT_PROJECT_VERSION = 1;
				DEVELOPMENT_TEAM = K328B98U3F;
				GENERATE_INFOPLIST_FILE = YES;
				IPHONEOS_DEPLOYMENT_TARGET = 16.2;
				MACOSX_DEPLOYMENT_TARGET = 13.1;
				MARKETING_VERSION = 1.0;
				PRODUCT_BUNDLE_IDENTIFIER = "com.studies.CONCURRENCY-API-CallUITests";
				PRODUCT_NAME = "$(TARGET_NAME)";
				SDKROOT = auto;
				SUPPORTED_PLATFORMS = "iphoneos iphonesimulator macosx";
				SWIFT_EMIT_LOC_STRINGS = NO;
				SWIFT_VERSION = 5.0;
				TARGETED_DEVICE_FAMILY = "1,2";
				TEST_TARGET_NAME = "CONCURRENCY-API_Call";
			};
			name = Debug;
		};
		6F546DCA29621935007E9975 /* Release */ = {
			isa = XCBuildConfiguration;
			buildSettings = {
				ALWAYS_EMBED_SWIFT_STANDARD_LIBRARIES = YES;
				CODE_SIGN_STYLE = Automatic;
				CURRENT_PROJECT_VERSION = 1;
				DEVELOPMENT_TEAM = K328B98U3F;
				GENERATE_INFOPLIST_FILE = YES;
				IPHONEOS_DEPLOYMENT_TARGET = 16.2;
				MACOSX_DEPLOYMENT_TARGET = 13.1;
				MARKETING_VERSION = 1.0;
				PRODUCT_BUNDLE_IDENTIFIER = "com.studies.CONCURRENCY-API-CallUITests";
				PRODUCT_NAME = "$(TARGET_NAME)";
				SDKROOT = auto;
				SUPPORTED_PLATFORMS = "iphoneos iphonesimulator macosx";
				SWIFT_EMIT_LOC_STRINGS = NO;
				SWIFT_VERSION = 5.0;
				TARGETED_DEVICE_FAMILY = "1,2";
				TEST_TARGET_NAME = "CONCURRENCY-API_Call";
			};
			name = Release;
		};
/* End XCBuildConfiguration section */

/* Begin XCConfigurationList section */
		6F546D9829621931007E9975 /* Build configuration list for PBXProject "CONCURRENCY-API_Call" */ = {
			isa = XCConfigurationList;
			buildConfigurations = (
				6F546DC029621935007E9975 /* Debug */,
				6F546DC129621935007E9975 /* Release */,
			);
			defaultConfigurationIsVisible = 0;
			defaultConfigurationName = Release;
		};
		6F546DC229621935007E9975 /* Build configuration list for PBXNativeTarget "CONCURRENCY-API_Call" */ = {
			isa = XCConfigurationList;
			buildConfigurations = (
				6F546DC329621935007E9975 /* Debug */,
				6F546DC429621935007E9975 /* Release */,
			);
			defaultConfigurationIsVisible = 0;
			defaultConfigurationName = Release;
		};
		6F546DC529621935007E9975 /* Build configuration list for PBXNativeTarget "CONCURRENCY-API_CallTests" */ = {
			isa = XCConfigurationList;
			buildConfigurations = (
				6F546DC629621935007E9975 /* Debug */,
				6F546DC729621935007E9975 /* Release */,
			);
			defaultConfigurationIsVisible = 0;
			defaultConfigurationName = Release;
		};
		6F546DC829621935007E9975 /* Build configuration list for PBXNativeTarget "CONCURRENCY-API_CallUITests" */ = {
			isa = XCConfigurationList;
			buildConfigurations = (
				6F546DC929621935007E9975 /* Debug */,
				6F546DCA29621935007E9975 /* Release */,
			);
			defaultConfigurationIsVisible = 0;
			defaultConfigurationName = Release;
		};
/* End XCConfigurationList section */
	};
	rootObject = 6F546D9529621931007E9975 /* Project object */;
}
